
Microsoft Visual Studio Solution File, Format Version 12.00
# Visual Studio 15
VisualStudioVersion = 15.0.27130.2010
MinimumVisualStudioVersion = 10.0.40219.1
Project("{FAE04EC0-301F-11D3-BF4B-00C04F79EFBC}") = "ProjectAssistant", "ProjectAssistant\ProjectAssistant.csproj", "{8ABBA0F1-B5A2-4283-A8E2-DD19CA83DB92}"
EndProject
Global
	GlobalSection(SolutionConfigurationPlatforms) = preSolution
		Debug|Any CPU = Debug|Any CPU
		Release|Any CPU = Release|Any CPU
	EndGlobalSection
	GlobalSection(ProjectConfigurationPlatforms) = postSolution
		{8ABBA0F1-B5A2-4283-A8E2-DD19CA83DB92}.Debug|Any CPU.ActiveCfg = Debug|Any CPU
		{8ABBA0F1-B5A2-4283-A8E2-DD19CA83DB92}.Debug|Any CPU.Build.0 = Debug|Any CPU
		{8ABBA0F1-B5A2-4283-A8E2-DD19CA83DB92}.Release|Any CPU.ActiveCfg = Release|Any CPU
		{8ABBA0F1-B5A2-4283-A8E2-DD19CA83DB92}.Release|Any CPU.Build.0 = Release|Any CPU
	EndGlobalSection
	GlobalSection(SolutionProperties) = preSolution
		HideSolutionNode = FALSE
	EndGlobalSection
	GlobalSection(ExtensibilityGlobals) = postSolution
		SolutionGuid = {D9AE1D9A-DFEE-4A20-BDA6-E81F1E6ABFC3}
	EndGlobalSection
EndGlobal
